
Microsoft Visual Studio Solution File, Format Version 12.00
# Visual Studio Version 17
VisualStudioVersion = 17.13.35919.96 d17.13
MinimumVisualStudioVersion = 10.0.40219.1
Project("{8BC9CEB8-8B4A-11D0-8D11-00A0C91BC942}") = "eco-internal", "eco-internal\eco-internal.vcxproj", "{DC39FC75-F3D8-4BB5-85BD-CF3AA90055D7}"
EndProject
Global
	GlobalSection(SolutionConfigurationPlatforms) = preSolution
		Debug|x64 = Debug|x64
		Debug|x86 = Debug|x86
		Release|x64 = Release|x64
		Release|x86 = Release|x86
	EndGlobalSection
	GlobalSection(ProjectConfigurationPlatforms) = postSolution
		{DC39FC75-F3D8-4BB5-85BD-CF3AA90055D7}.Debug|x64.ActiveCfg = Debug|x64
		{DC39FC75-F3D8-4BB5-85BD-CF3AA90055D7}.Debug|x64.Build.0 = Debug|x64
		{DC39FC75-F3D8-4BB5-85BD-CF3AA90055D7}.Debug|x86.ActiveCfg = Debug|Win32
		{DC39FC75-F3D8-4BB5-85BD-CF3AA90055D7}.Debug|x86.Build.0 = Debug|Win32
		{DC39FC75-F3D8-4BB5-85BD-CF3AA90055D7}.Release|x64.ActiveCfg = Release|x64
		{DC39FC75-F3D8-4BB5-85BD-CF3AA90055D7}.Release|x64.Build.0 = Release|x64
		{DC39FC75-F3D8-4BB5-85BD-CF3AA90055D7}.Release|x86.ActiveCfg = Release|Win32
		{DC39FC75-F3D8-4BB5-85BD-CF3AA90055D7}.Release|x86.Build.0 = Release|Win32
	EndGlobalSection
	GlobalSection(SolutionProperties) = preSolution
		HideSolutionNode = FALSE
	EndGlobalSection
	GlobalSection(ExtensibilityGlobals) = postSolution
		SolutionGuid = {19472313-08D5-4D9F-A43B-54E6FF67DA3B}
	EndGlobalSection
EndGlobal
